
Microsoft Visual Studio Solution File, Format Version 12.00
# Visual Studio Version 16
VisualStudioVersion = 16.0.30523.141
MinimumVisualStudioVersion = 10.0.40219.1
Project("{9A19103F-16F7-4668-BE54-9A1E7A4F7556}") = "DataFlowAnalysisPOC", "DataFlowAnalysisPOC\DataFlowAnalysisPOC.csproj", "{BF7CD450-C236-41AE-91C1-E2A1D4A87B8A}"
EndProject
Global
	GlobalSection(SolutionConfigurationPlatforms) = preSolution
		Debug|Any CPU = Debug|Any CPU
		Release|Any CPU = Release|Any CPU
	EndGlobalSection
	GlobalSection(ProjectConfigurationPlatforms) = postSolution
		{BF7CD450-C236-41AE-91C1-E2A1D4A87B8A}.Debug|Any CPU.ActiveCfg = Debug|Any CPU
		{BF7CD450-C236-41AE-91C1-E2A1D4A87B8A}.Debug|Any CPU.Build.0 = Debug|Any CPU
		{BF7CD450-C236-41AE-91C1-E2A1D4A87B8A}.Release|Any CPU.ActiveCfg = Release|Any CPU
		{BF7CD450-C236-41AE-91C1-E2A1D4A87B8A}.Release|Any CPU.Build.0 = Release|Any CPU
	EndGlobalSection
	GlobalSection(SolutionProperties) = preSolution
		HideSolutionNode = FALSE
	EndGlobalSection
	GlobalSection(ExtensibilityGlobals) = postSolution
		SolutionGuid = {2F5E7DEC-AE85-4611-B8C5-2BDA072F4B95}
	EndGlobalSection
EndGlobal
